
Microsoft Visual Studio Solution File, Format Version 12.00
# Visual Studio Version 16
VisualStudioVersion = 16.0.30523.141
MinimumVisualStudioVersion = 10.0.40219.1
Project("{FAE04EC0-301F-11D3-BF4B-00C04F79EFBC}") = "HutechMart", "HutechMart\HutechMart.csproj", "{A8F42BA0-8720-422B-8AA1-F4B7FE5CBEE2}"
EndProject
Global
	GlobalSection(SolutionConfigurationPlatforms) = preSolution
		Debug|Any CPU = Debug|Any CPU
		Release|Any CPU = Release|Any CPU
	EndGlobalSection
	GlobalSection(ProjectConfigurationPlatforms) = postSolution
		{A8F42BA0-8720-422B-8AA1-F4B7FE5CBEE2}.Debug|Any CPU.ActiveCfg = Debug|Any CPU
		{A8F42BA0-8720-422B-8AA1-F4B7FE5CBEE2}.Debug|Any CPU.Build.0 = Debug|Any CPU
		{A8F42BA0-8720-422B-8AA1-F4B7FE5CBEE2}.Release|Any CPU.ActiveCfg = Release|Any CPU
		{A8F42BA0-8720-422B-8AA1-F4B7FE5CBEE2}.Release|Any CPU.Build.0 = Release|Any CPU
	EndGlobalSection
	GlobalSection(SolutionProperties) = preSolution
		HideSolutionNode = FALSE
	EndGlobalSection
	GlobalSection(ExtensibilityGlobals) = postSolution
		SolutionGuid = {3349032C-DFAD-4CB6-8A74-272ED8C5B728}
	EndGlobalSection
EndGlobal
